<?xml version="1.0" encoding="utf-8"?>
<Project ToolsVersion="4.0" xmlns="http://schemas.microsoft.com/developer/msbuild/2003">
  <ItemGroup>
    <Filter Include="源文件">
      <UniqueIdentifier>{4FC737F1-C7A5-4376-A066-2A32D752A2FF}</UniqueIdentifier>
      <Extensions>cpp;c;cc;cxx;def;odl;idl;hpj;bat;asm;asmx</Extensions>
    </Filter>
    <Filter Include="头文件">
      <UniqueIdentifier>{93995380-89BD-4b04-88EB-625FBE52EBFB}</UniqueIdentifier>
      <Extensions>h;hpp;hxx;hm;inl;inc;xsd</Extensions>
    </Filter>
    <Filter Include="资源文件">
      <UniqueIdentifier>{67DA6AB6-F800-4c08-8B7A-83BB121AAD01}</UniqueIdentifier>
      <Extensions>rc;ico;cur;bmp;dlg;rc2;rct;bin;rgs;gif;jpg;jpeg;jpe;resx;tiff;tif;png;wav;mfcribbon-ms</Extensions>
    </Filter>
  </ItemGroup>
  <ItemGroup>
    <ClCompile Include="..\zabbix-3.4.7\src\zabbix_agent\active.c">
      <Filter>源文件</Filter>
    </ClCompile>
    <ClCompile Include="..\zabbix-3.4.7\src\zabbix_agent\cpustat.c">
      <Filter>源文件</Filter>
    </ClCompile>
    <ClCompile Include="..\zabbix-3.4.7\src\zabbix_agent\diskdevices.c">
      <Filter>源文件</Filter>
    </ClCompile>
    <ClCompile Include="..\zabbix-3.4.7\src\zabbix_agent\eventlog.c">
      <Filter>源文件</Filter>
    </ClCompile>
    <ClCompile Include="..\zabbix-3.4.7\src\zabbix_agent\listener.c">
      <Filter>源文件</Filter>
    </ClCompile>
    <ClCompile Include="..\zabbix-3.4.7\src\zabbix_agent\logfiles.c">
      <Filter>源文件</Filter>
    </ClCompile>
    <ClCompile Include="..\zabbix-3.4.7\src\zabbix_agent\perfstat.c">
      <Filter>源文件</Filter>
    </ClCompile>
    <ClCompile Include="..\zabbix-3.4.7\src\zabbix_agent\procstat.c">
      <Filter>源文件</Filter>
    </ClCompile>
    <ClCompile Include="..\zabbix-3.4.7\src\zabbix_agent\stats.c">
      <Filter>源文件</Filter>
    </ClCompile>
    <ClCompile Include="..\zabbix-3.4.7\src\zabbix_agent\vmstats.c">
      <Filter>源文件</Filter>
    </ClCompile>
    <ClCompile Include="..\zabbix-3.4.7\src\zabbix_agent\zabbix_agentd.c">
      <Filter>源文件</Filter>
    </ClCompile>
    <ClCompile Include="..\zabbix-3.4.7\src\zabbix_agent\zbxconf.c">
      <Filter>源文件</Filter>
    </ClCompile>
  </ItemGroup>
  <ItemGroup>
    <ClInclude Include="..\zabbix-3.4.7\src\zabbix_agent\zbxconf.h">
      <Filter>头文件</Filter>
    </ClInclude>
    <ClInclude Include="..\zabbix-3.4.7\src\zabbix_agent\active.h">
      <Filter>头文件</Filter>
    </ClInclude>
    <ClInclude Include="..\zabbix-3.4.7\src\zabbix_agent\cpustat.h">
      <Filter>头文件</Filter>
    </ClInclude>
    <ClInclude Include="..\zabbix-3.4.7\src\zabbix_agent\diskdevices.h">
      <Filter>头文件</Filter>
    </ClInclude>
    <ClInclude Include="..\zabbix-3.4.7\src\zabbix_agent\eventlog.h">
      <Filter>头文件</Filter>
    </ClInclude>
    <ClInclude Include="..\zabbix-3.4.7\src\zabbix_agent\listener.h">
      <Filter>头文件</Filter>
    </ClInclude>
    <ClInclude Include="..\zabbix-3.4.7\src\zabbix_agent\logfiles.h">
      <Filter>头文件</Filter>
    </ClInclude>
    <ClInclude Include="..\zabbix-3.4.7\src\zabbix_agent\perfstat.h">
      <Filter>头文件</Filter>
    </ClInclude>
    <ClInclude Include="..\zabbix-3.4.7\src\zabbix_agent\procstat.h">
      <Filter>头文件</Filter>
    </ClInclude>
    <ClInclude Include="..\zabbix-3.4.7\src\zabbix_agent\stats.h">
      <Filter>头文件</Filter>
    </ClInclude>
    <ClInclude Include="..\zabbix-3.4.7\src\zabbix_agent\vmstats.h">
      <Filter>头文件</Filter>
    </ClInclude>
  </ItemGroup>
</Project>